
Microsoft Visual Studio Solution File, Format Version 12.00
# Visual Studio 15
VisualStudioVersion = 15.0.27428.2011
MinimumVisualStudioVersion = 10.0.40219.1
Project("{FAE04EC0-301F-11D3-BF4B-00C04F79EFBC}") = "Aronauto", "Aronauto\Aronauto.csproj", "{1061613F-9847-4943-9B7D-6E92E191C289}"
EndProject
Global
	GlobalSection(SolutionConfigurationPlatforms) = preSolution
		Debug|Any CPU = Debug|Any CPU
		Release|Any CPU = Release|Any CPU
	EndGlobalSection
	GlobalSection(ProjectConfigurationPlatforms) = postSolution
		{1061613F-9847-4943-9B7D-6E92E191C289}.Debug|Any CPU.ActiveCfg = Debug|Any CPU
		{1061613F-9847-4943-9B7D-6E92E191C289}.Debug|Any CPU.Build.0 = Debug|Any CPU
		{1061613F-9847-4943-9B7D-6E92E191C289}.Release|Any CPU.ActiveCfg = Release|Any CPU
		{1061613F-9847-4943-9B7D-6E92E191C289}.Release|Any CPU.Build.0 = Release|Any CPU
	EndGlobalSection
	GlobalSection(SolutionProperties) = preSolution
		HideSolutionNode = FALSE
	EndGlobalSection
	GlobalSection(ExtensibilityGlobals) = postSolution
		SolutionGuid = {C4C94E0A-AD65-44CF-BF0D-991B9C682C3B}
	EndGlobalSection
EndGlobal
